
Microsoft Visual Studio Solution File, Format Version 12.00
# Visual Studio Version 17
VisualStudioVersion = 17.8.34601.278
MinimumVisualStudioVersion = 10.0.40219.1
Project("{FAE04EC0-301F-11D3-BF4B-00C04F79EFBC}") = "TomagotchiGame", "TomagotchiGame\TomagotchiGame.csproj", "{42A1B7E8-4A25-407D-8385-91023F4218A3}"
EndProject
Global
	GlobalSection(SolutionConfigurationPlatforms) = preSolution
		Debug|Any CPU = Debug|Any CPU
		Release|Any CPU = Release|Any CPU
	EndGlobalSection
	GlobalSection(ProjectConfigurationPlatforms) = postSolution
		{42A1B7E8-4A25-407D-8385-91023F4218A3}.Debug|Any CPU.ActiveCfg = Debug|Any CPU
		{42A1B7E8-4A25-407D-8385-91023F4218A3}.Debug|Any CPU.Build.0 = Debug|Any CPU
		{42A1B7E8-4A25-407D-8385-91023F4218A3}.Release|Any CPU.ActiveCfg = Release|Any CPU
		{42A1B7E8-4A25-407D-8385-91023F4218A3}.Release|Any CPU.Build.0 = Release|Any CPU
	EndGlobalSection
	GlobalSection(SolutionProperties) = preSolution
		HideSolutionNode = FALSE
	EndGlobalSection
	GlobalSection(ExtensibilityGlobals) = postSolution
		SolutionGuid = {3D5FC938-982A-4DF0-A11E-F21D83332CDB}
	EndGlobalSection
EndGlobal
